
Microsoft Visual Studio Solution File, Format Version 12.00
# Visual Studio 15
VisualStudioVersion = 15.0.28307.329
MinimumVisualStudioVersion = 10.0.40219.1
Project("{FAE04EC0-301F-11D3-BF4B-00C04F79EFBC}") = "ArithmeticExpressionsRecognizer", "ArithmeticExpressionsRecognizer\ArithmeticExpressionsRecognizer.csproj", "{EF68FFEA-A73C-40F4-98DA-3CA6B8813EAC}"
EndProject
Global
	GlobalSection(SolutionConfigurationPlatforms) = preSolution
		Debug|Any CPU = Debug|Any CPU
		Release|Any CPU = Release|Any CPU
	EndGlobalSection
	GlobalSection(ProjectConfigurationPlatforms) = postSolution
		{EF68FFEA-A73C-40F4-98DA-3CA6B8813EAC}.Debug|Any CPU.ActiveCfg = Debug|Any CPU
		{EF68FFEA-A73C-40F4-98DA-3CA6B8813EAC}.Debug|Any CPU.Build.0 = Debug|Any CPU
		{EF68FFEA-A73C-40F4-98DA-3CA6B8813EAC}.Release|Any CPU.ActiveCfg = Release|Any CPU
		{EF68FFEA-A73C-40F4-98DA-3CA6B8813EAC}.Release|Any CPU.Build.0 = Release|Any CPU
	EndGlobalSection
	GlobalSection(SolutionProperties) = preSolution
		HideSolutionNode = FALSE
	EndGlobalSection
	GlobalSection(ExtensibilityGlobals) = postSolution
		SolutionGuid = {69EAEAA6-BCA0-40BF-848A-4EAA3E950B7F}
	EndGlobalSection
EndGlobal
