
Microsoft Visual Studio Solution File, Format Version 12.00
# Visual Studio 15
VisualStudioVersion = 15.0.28307.421
MinimumVisualStudioVersion = 10.0.40219.1
Project("{FAE04EC0-301F-11D3-BF4B-00C04F79EFBC}") = "FinalStateMachines", "DFSM\FinalStateMachines.csproj", "{CF7AEDA2-D100-41DC-A180-155F4B8F0244}"
EndProject
Global
	GlobalSection(SolutionConfigurationPlatforms) = preSolution
		Debug|Any CPU = Debug|Any CPU
		Release|Any CPU = Release|Any CPU
	EndGlobalSection
	GlobalSection(ProjectConfigurationPlatforms) = postSolution
		{CF7AEDA2-D100-41DC-A180-155F4B8F0244}.Debug|Any CPU.ActiveCfg = Debug|Any CPU
		{CF7AEDA2-D100-41DC-A180-155F4B8F0244}.Debug|Any CPU.Build.0 = Debug|Any CPU
		{CF7AEDA2-D100-41DC-A180-155F4B8F0244}.Release|Any CPU.ActiveCfg = Release|Any CPU
		{CF7AEDA2-D100-41DC-A180-155F4B8F0244}.Release|Any CPU.Build.0 = Release|Any CPU
	EndGlobalSection
	GlobalSection(SolutionProperties) = preSolution
		HideSolutionNode = FALSE
	EndGlobalSection
	GlobalSection(ExtensibilityGlobals) = postSolution
		SolutionGuid = {D3C68D8F-F36D-4CCE-98A8-254665931D94}
	EndGlobalSection
EndGlobal
